// !$*UTF8*$!
{
	archiveVersion = 1;
	classes = {
	};
	objectVersion = 46;
	objects = {

/* Begin PBXBuildFile section */
		28C584D819DEFF6F00CBEFF4 /* AppDelegate.swift in Sources */ = {isa = PBXBuildFile; fileRef = 28C584D719DEFF6F00CBEFF4 /* AppDelegate.swift */; };
		28C584DA19DEFF6F00CBEFF4 /* ViewController.swift in Sources */ = {isa = PBXBuildFile; fileRef = 28C584D919DEFF6F00CBEFF4 /* ViewController.swift */; };
		28C584DD19DEFF6F00CBEFF4 /* Main.storyboard in Resources */ = {isa = PBXBuildFile; fileRef = 28C584DB19DEFF6F00CBEFF4 /* Main.storyboard */; };
		28C584DF19DEFF6F00CBEFF4 /* Images.xcassets in Resources */ = {isa = PBXBuildFile; fileRef = 28C584DE19DEFF6F00CBEFF4 /* Images.xcassets */; };
		28C584E219DEFF6F00CBEFF4 /* LaunchScreen.xib in Resources */ = {isa = PBXBuildFile; fileRef = 28C584E019DEFF6F00CBEFF4 /* LaunchScreen.xib */; };
		28C584EE19DEFF6F00CBEFF4 /* PostcardTests.swift in Sources */ = {isa = PBXBuildFile; fileRef = 28C584ED19DEFF6F00CBEFF4 /* PostcardTests.swift */; };
		28C584F819DF3DD700CBEFF4 /* SagradaFamilia.jpeg in Resources */ = {isa = PBXBuildFile; fileRef = 28C584F719DF3DD700CBEFF4 /* SagradaFamilia.jpeg */; };
		28C584FA19E4C39900CBEFF4 /* AlbertEinsteinStamp.jpg in Resources */ = {isa = PBXBuildFile; fileRef = 28C584F919E4C39900CBEFF4 /* AlbertEinsteinStamp.jpg */; };
/* End PBXBuildFile section */

/* Begin PBXContainerItemProxy section */
		28C584E819DEFF6F00CBEFF4 /* PBXContainerItemProxy */ = {
			isa = PBXContainerItemProxy;
			containerPortal = 28C584CA19DEFF6E00CBEFF4 /* Project object */;
			proxyType = 1;
			remoteGlobalIDString = 28C584D119DEFF6F00CBEFF4;
			remoteInfo = Postcard;
		};
/* End PBXContainerItemProxy section */

/* Begin PBXFileReference section */
		28C584D219DEFF6F00CBEFF4 /* Postcard.app */ = {isa = PBXFileReference; explicitFileType = wrapper.application; includeInIndex = 0; path = Postcard.app; sourceTree = BUILT_PRODUCTS_DIR; };
		28C584D619DEFF6F00CBEFF4 /* Info.plist */ = {isa = PBXFileReference; lastKnownFileType = text.plist.xml; path = Info.plist; sourceTree = "<group>"; };
		28C584D719DEFF6F00CBEFF4 /* AppDelegate.swift */ = {isa = PBXFileReference; lastKnownFileType = sourcecode.swift; path = AppDelegate.swift; sourceTree = "<group>"; };
		28C584D919DEFF6F00CBEFF4 /* ViewController.swift */ = {isa = PBXFileReference; lastKnownFileType = sourcecode.swift; path = ViewController.swift; sourceTree = "<group>"; };
		28C584DC19DEFF6F00CBEFF4 /* Base */ = {isa = PBXFileReference; lastKnownFileType = file.storyboard; name = Base; path = Base.lproj/Main.storyboard; sourceTree = "<group>"; };
		28C584DE19DEFF6F00CBEFF4 /* Images.xcassets */ = {isa = PBXFileReference; lastKnownFileType = folder.assetcatalog; path = Images.xcassets; sourceTree = "<group>"; };
		28C584E119DEFF6F00CBEFF4 /* Base */ = {isa = PBXFileReference; lastKnownFileType = file.xib; name = Base; path = Base.lproj/LaunchScreen.xib; sourceTree = "<group>"; };
		28C584E719DEFF6F00CBEFF4 /* PostcardTests.xctest */ = {isa = PBXFileReference; explicitFileType = wrapper.cfbundle; includeInIndex = 0; path = PostcardTests.xctest; sourceTree = BUILT_PRODUCTS_DIR; };
		28C584EC19DEFF6F00CBEFF4 /* Info.plist */ = {isa = PBXFileReference; lastKnownFileType = text.plist.xml; path = Info.plist; sourceTree = "<group>"; };
		28C584ED19DEFF6F00CBEFF4 /* PostcardTests.swift */ = {isa = PBXFileReference; lastKnownFileType = sourcecode.swift; path = PostcardTests.swift; sourceTree = "<group>"; };
		28C584F719DF3DD700CBEFF4 /* SagradaFamilia.jpeg */ = {isa = PBXFileReference; lastKnownFileType = image.jpeg; path = SagradaFamilia.jpeg; sourceTree = "<group>"; };
		28C584F919E4C39900CBEFF4 /* AlbertEinsteinStamp.jpg */ = {isa = PBXFileReference; lastKnownFileType = image.jpeg; path = AlbertEinsteinStamp.jpg; sourceTree = "<group>"; };
/* End PBXFileReference section */

/* Begin PBXFrameworksBuildPhase section */
		28C584CF19DEFF6F00CBEFF4 /* Frameworks */ = {
			isa = PBXFrameworksBuildPhase;
			buildActionMask = 2147483647;
			files = (
			);
			runOnlyForDeploymentPostprocessing = 0;
		};
		28C584E419DEFF6F00CBEFF4 /* Frameworks */ = {
			isa = PBXFrameworksBuildPhase;
			buildActionMask = 2147483647;
			files = (
			);
			runOnlyForDeploymentPostprocessing = 0;
		};
/* End PBXFrameworksBuildPhase section */

/* Begin PBXGroup section */
		28C584C919DEFF6E00CBEFF4 = {
			isa = PBXGroup;
			children = (
				28C584D419DEFF6F00CBEFF4 /* Postcard */,
				28C584EA19DEFF6F00CBEFF4 /* PostcardTests */,
				28C584D319DEFF6F00CBEFF4 /* Products */,
			);
			sourceTree = "<group>";
		};
		28C584D319DEFF6F00CBEFF4 /* Products */ = {
			isa = PBXGroup;
			children = (
				28C584D219DEFF6F00CBEFF4 /* Postcard.app */,
				28C584E719DEFF6F00CBEFF4 /* PostcardTests.xctest */,
			);
			name = Products;
			sourceTree = "<group>";
		};
		28C584D419DEFF6F00CBEFF4 /* Postcard */ = {
			isa = PBXGroup;
			children = (
				28C584D719DEFF6F00CBEFF4 /* AppDelegate.swift */,
				28C584D919DEFF6F00CBEFF4 /* ViewController.swift */,
				28C584DB19DEFF6F00CBEFF4 /* Main.storyboard */,
				28C584DE19DEFF6F00CBEFF4 /* Images.xcassets */,
				28C584E019DEFF6F00CBEFF4 /* LaunchScreen.xib */,
				28C584D519DEFF6F00CBEFF4 /* Supporting Files */,
			);
			path = Postcard;
			sourceTree = "<group>";
		};
		28C584D519DEFF6F00CBEFF4 /* Supporting Files */ = {
			isa = PBXGroup;
			children = (
				28C584F919E4C39900CBEFF4 /* AlbertEinsteinStamp.jpg */,
				28C584F719DF3DD700CBEFF4 /* SagradaFamilia.jpeg */,
				28C584D619DEFF6F00CBEFF4 /* Info.plist */,
			);
			name = "Supporting Files";
			sourceTree = "<group>";
		};
		28C584EA19DEFF6F00CBEFF4 /* PostcardTests */ = {
			isa = PBXGroup;
			children = (
				28C584ED19DEFF6F00CBEFF4 /* PostcardTests.swift */,
				28C584EB19DEFF6F00CBEFF4 /* Supporting Files */,
			);
			path = PostcardTests;
			sourceTree = "<group>";
		};
		28C584EB19DEFF6F00CBEFF4 /* Supporting Files */ = {
			isa = PBXGroup;
			children = (
				28C584EC19DEFF6F00CBEFF4 /* Info.plist */,
			);
			name = "Supporting Files";
			sourceTree = "<group>";
		};
/* End PBXGroup section */

/* Begin PBXNativeTarget section */
		28C584D119DEFF6F00CBEFF4 /* Postcard */ = {
			isa = PBXNativeTarget;
			buildConfigurationList = 28C584F119DEFF6F00CBEFF4 /* Build configuration list for PBXNativeTarget "Postcard" */;
			buildPhases = (
				28C584CE19DEFF6F00CBEFF4 /* Sources */,
				28C584CF19DEFF6F00CBEFF4 /* Frameworks */,
				28C584D019DEFF6F00CBEFF4 /* Resources */,
			);
			buildRules = (
			);
			dependencies = (
			);
			name = Postcard;
			productName = Postcard;
			productReference = 28C584D219DEFF6F00CBEFF4 /* Postcard.app */;
			productType = "com.apple.product-type.application";
		};
		28C584E619DEFF6F00CBEFF4 /* PostcardTests */ = {
			isa = PBXNativeTarget;
			buildConfigurationList = 28C584F419DEFF6F00CBEFF4 /* Build configuration list for PBXNativeTarget "PostcardTests" */;
			buildPhases = (
				28C584E319DEFF6F00CBEFF4 /* Sources */,
				28C584E419DEFF6F00CBEFF4 /* Frameworks */,
				28C584E519DEFF6F00CBEFF4 /* Resources */,
			);
			buildRules = (
			);
			dependencies = (
				28C584E919DEFF6F00CBEFF4 /* PBXTargetDependency */,
			);
			name = PostcardTests;
			productName = PostcardTests;
			productReference = 28C584E719DEFF6F00CBEFF4 /* PostcardTests.xctest */;
			productType = "com.apple.product-type.bundle.unit-test";
		};
/* End PBXNativeTarget section */

/* Begin PBXProject section */
		28C584CA19DEFF6E00CBEFF4 /* Project object */ = {
			isa = PBXProject;
			attributes = {
				LastUpgradeCheck = 0600;
				ORGANIZATIONNAME = DRInnovatons;
				TargetAttributes = {
					28C584D119DEFF6F00CBEFF4 = {
						CreatedOnToolsVersion = 6.0.1;
					};
					28C584E619DEFF6F00CBEFF4 = {
						CreatedOnToolsVersion = 6.0.1;
						TestTargetID = 28C584D119DEFF6F00CBEFF4;
					};
				};
			};
			buildConfigurationList = 28C584CD19DEFF6E00CBEFF4 /* Build configuration list for PBXProject "Postcard" */;
			compatibilityVersion = "Xcode 3.2";
			developmentRegion = English;
			hasScannedForEncodings = 0;
			knownRegions = (
				en,
				Base,
			);
			mainGroup = 28C584C919DEFF6E00CBEFF4;
			productRefGroup = 28C584D319DEFF6F00CBEFF4 /* Products */;
			projectDirPath = "";
			projectRoot = "";
			targets = (
				28C584D119DEFF6F00CBEFF4 /* Postcard */,
				28C584E619DEFF6F00CBEFF4 /* PostcardTests */,
			);
		};
/* End PBXProject section */

/* Begin PBXResourcesBuildPhase section */
		28C584D019DEFF6F00CBEFF4 /* Resources */ = {
			isa = PBXResourcesBuildPhase;
			buildActionMask = 2147483647;
			files = (
				28C584DD19DEFF6F00CBEFF4 /* Main.storyboard in Resources */,
				28C584F819DF3DD700CBEFF4 /* SagradaFamilia.jpeg in Resources */,
				28C584FA19E4C39900CBEFF4 /* AlbertEinsteinStamp.jpg in Resources */,
				28C584E219DEFF6F00CBEFF4 /* LaunchScreen.xib in Resources */,
				28C584DF19DEFF6F00CBEFF4 /* Images.xcassets in Resources */,
			);
			runOnlyForDeploymentPostprocessing = 0;
		};
		28C584E519DEFF6F00CBEFF4 /* Resources */ = {
			isa = PBXResourcesBuildPhase;
			buildActionMask = 2147483647;
			files = (
			);
			runOnlyForDeploymentPostprocessing = 0;
		};
/* End PBXResourcesBuildPhase section */

/* Begin PBXSourcesBuildPhase section */
		28C584CE19DEFF6F00CBEFF4 /* Sources */ = {
			isa = PBXSourcesBuildPhase;
			buildActionMask = 2147483647;
			files = (
				28C584DA19DEFF6F00CBEFF4 /* ViewController.swift in Sources */,
				28C584D819DEFF6F00CBEFF4 /* AppDelegate.swift in Sources */,
			);
			runOnlyForDeploymentPostprocessing = 0;
		};
		28C584E319DEFF6F00CBEFF4 /* Sources */ = {
			isa = PBXSourcesBuildPhase;
			buildActionMask = 2147483647;
			files = (
				28C584EE19DEFF6F00CBEFF4 /* PostcardTests.swift in Sources */,
			);
			runOnlyForDeploymentPostprocessing = 0;
		};
/* End PBXSourcesBuildPhase section */

/* Begin PBXTargetDependency section */
		28C584E919DEFF6F00CBEFF4 /* PBXTargetDependency */ = {
			isa = PBXTargetDependency;
			target = 28C584D119DEFF6F00CBEFF4 /* Postcard */;
			targetProxy = 28C584E819DEFF6F00CBEFF4 /* PBXContainerItemProxy */;
		};
/* End PBXTargetDependency section */

/* Begin PBXVariantGroup section */
		28C584DB19DEFF6F00CBEFF4 /* Main.storyboard */ = {
			isa = PBXVariantGroup;
			children = (
				28C584DC19DEFF6F00CBEFF4 /* Base */,
			);
			name = Main.storyboard;
			sourceTree = "<group>";
		};
		28C584E019DEFF6F00CBEFF4 /* LaunchScreen.xib */ = {
			isa = PBXVariantGroup;
			children = (
				28C584E119DEFF6F00CBEFF4 /* Base */,
			);
			name = LaunchScreen.xib;
			sourceTree = "<group>";
		};
/* End PBXVariantGroup section */

/* Begin XCBuildConfiguration section */
		28C584EF19DEFF6F00CBEFF4 /* Debug */ = {
			isa = XCBuildConfiguration;
			buildSettings = {
				ALWAYS_SEARCH_USER_PATHS = NO;
				CLANG_CXX_LANGUAGE_STANDARD = "gnu++0x";
				CLANG_CXX_LIBRARY = "libc++";
				CLANG_ENABLE_MODULES = YES;
				CLANG_ENABLE_OBJC_ARC = YES;
				CLANG_WARN_BOOL_CONVERSION = YES;
				CLANG_WARN_CONSTANT_CONVERSION = YES;
				CLANG_WARN_DIRECT_OBJC_ISA_USAGE = YES_ERROR;
				CLANG_WARN_EMPTY_BODY = YES;
				CLANG_WARN_ENUM_CONVERSION = YES;
				CLANG_WARN_INT_CONVERSION = YES;
				CLANG_WARN_OBJC_ROOT_CLASS = YES_ERROR;
				CLANG_WARN_UNREACHABLE_CODE = YES;
				CLANG_WARN__DUPLICATE_METHOD_MATCH = YES;
				"CODE_SIGN_IDENTITY[sdk=iphoneos*]" = "iPhone Developer";
				COPY_PHASE_STRIP = NO;
				ENABLE_STRICT_OBJC_MSGSEND = YES;
				GCC_C_LANGUAGE_STANDARD = gnu99;
				GCC_DYNAMIC_NO_PIC = NO;
				GCC_OPTIMIZATION_LEVEL = 0;
				GCC_PREPROCESSOR_DEFINITIONS = (
					"DEBUG=1",
					"$(inherited)",
				);
				GCC_SYMBOLS_PRIVATE_EXTERN = NO;
				GCC_WARN_64_TO_32_BIT_CONVERSION = YES;
				GCC_WARN_ABOUT_RETURN_TYPE = YES_ERROR;
				GCC_WARN_UNDECLARED_SELECTOR = YES;
				GCC_WARN_UNINITIALIZED_AUTOS = YES_AGGRESSIVE;
				GCC_WARN_UNUSED_FUNCTION = YES;
				GCC_WARN_UNUSED_VARIABLE = YES;
				IPHONEOS_DEPLOYMENT_TARGET = 8.0;
				MTL_ENABLE_DEBUG_INFO = YES;
				ONLY_ACTIVE_ARCH = YES;
				SDKROOT = iphoneos;
				SWIFT_OPTIMIZATION_LEVEL = "-Onone";
				TARGETED_DEVICE_FAMILY = "1,2";
			};
			name = Debug;
		};
		28C584F019DEFF6F00CBEFF4 /* Release */ = {
			isa = XCBuildConfiguration;
			buildSettings = {
				ALWAYS_SEARCH_USER_PATHS = NO;
				CLANG_CXX_LANGUAGE_STANDARD = "gnu++0x";
				CLANG_CXX_LIBRARY = "libc++";
				CLANG_ENABLE_MODULES = YES;
				CLANG_ENABLE_OBJC_ARC = YES;
				CLANG_WARN_BOOL_CONVERSION = YES;
				CLANG_WARN_CONSTANT_CONVERSION = YES;
				CLANG_WARN_DIRECT_OBJC_ISA_USAGE = YES_ERROR;
				CLANG_WARN_EMPTY_BODY = YES;
				CLANG_WARN_ENUM_CONVERSION = YES;
				CLANG_WARN_INT_CONVERSION = YES;
				CLANG_WARN_OBJC_ROOT_CLASS = YES_ERROR;
				CLANG_WARN_UNREACHABLE_CODE = YES;
				CLANG_WARN__DUPLICATE_METHOD_MATCH = YES;
				"CODE_SIGN_IDENTITY[sdk=iphoneos*]" = "iPhone Developer";
				COPY_PHASE_STRIP = YES;
				ENABLE_NS_ASSERTIONS = NO;
				ENABLE_STRICT_OBJC_MSGSEND = YES;
				GCC_C_LANGUAGE_STANDARD = gnu99;
				GCC_WARN_64_TO_32_BIT_CONVERSION = YES;
				GCC_WARN_ABOUT_RETURN_TYPE = YES_ERROR;
				GCC_WARN_UNDECLARED_SELECTOR = YES;
				GCC_WARN_UNINITIALIZED_AUTOS = YES_AGGRESSIVE;
				GCC_WARN_UNUSED_FUNCTION = YES;
				GCC_WARN_UNUSED_VARIABLE = YES;
				IPHONEOS_DEPLOYMENT_TARGET = 8.0;
				MTL_ENABLE_DEBUG_INFO = NO;
				SDKROOT = iphoneos;
				TARGETED_DEVICE_FAMILY = "1,2";
				VALIDATE_PRODUCT = YES;
			};
			name = Release;
		};
		28C584F219DEFF6F00CBEFF4 /* Debug */ = {
			isa = XCBuildConfiguration;
			buildSettings = {
				ASSETCATALOG_COMPILER_APPICON_NAME = AppIcon;
				INFOPLIST_FILE = Postcard/Info.plist;
				LD_RUNPATH_SEARCH_PATHS = "$(inherited) @executable_path/Frameworks";
				PRODUCT_NAME = "$(TARGET_NAME)";
			};
			name = Debug;
		};
		28C584F319DEFF6F00CBEFF4 /* Release */ = {
			isa = XCBuildConfiguration;
			buildSettings = {
				ASSETCATALOG_COMPILER_APPICON_NAME = AppIcon;
				INFOPLIST_FILE = Postcard/Info.plist;
				LD_RUNPATH_SEARCH_PATHS = "$(inherited) @executable_path/Frameworks";
				PRODUCT_NAME = "$(TARGET_NAME)";
			};
			name = Release;
		};
		28C584F519DEFF6F00CBEFF4 /* Debug */ = {
			isa = XCBuildConfiguration;
			buildSettings = {
				BUNDLE_LOADER = "$(TEST_HOST)";
				FRAMEWORK_SEARCH_PATHS = (
					"$(SDKROOT)/Developer/Library/Frameworks",
					"$(inherited)",
				);
				GCC_PREPROCESSOR_DEFINITIONS = (
					"DEBUG=1",
					"$(inherited)",
				);
				INFOPLIST_FILE = PostcardTests/Info.plist;
				LD_RUNPATH_SEARCH_PATHS = "$(inherited) @executable_path/Frameworks @loader_path/Frameworks";
				PRODUCT_NAME = "$(TARGET_NAME)";
				TEST_HOST = "$(BUILT_PRODUCTS_DIR)/Postcard.app/Postcard";
			};
			name = Debug;
		};
		28C584F619DEFF6F00CBEFF4 /* Release */ = {
			isa = XCBuildConfiguration;
			buildSettings = {
				BUNDLE_LOADER = "$(TEST_HOST)";
				FRAMEWORK_SEARCH_PATHS = (
					"$(SDKROOT)/Developer/Library/Frameworks",
					"$(inherited)",
				);
				INFOPLIST_FILE = PostcardTests/Info.plist;
				LD_RUNPATH_SEARCH_PATHS = "$(inherited) @executable_path/Frameworks @loader_path/Frameworks";
				PRODUCT_NAME = "$(TARGET_NAME)";
				TEST_HOST = "$(BUILT_PRODUCTS_DIR)/Postcard.app/Postcard";
			};
			name = Release;
		};
/* End XCBuildConfiguration section */

/* Begin XCConfigurationList section */
		28C584CD19DEFF6E00CBEFF4 /* Build configuration list for PBXProject "Postcard" */ = {
			isa = XCConfigurationList;
			buildConfigurations = (
				28C584EF19DEFF6F00CBEFF4 /* Debug */,
				28C584F019DEFF6F00CBEFF4 /* Release */,
			);
			defaultConfigurationIsVisible = 0;
			defaultConfigurationName = Release;
		};
		28C584F119DEFF6F00CBEFF4 /* Build configuration list for PBXNativeTarget "Postcard" */ = {
			isa = XCConfigurationList;
			buildConfigurations = (
				28C584F219DEFF6F00CBEFF4 /* Debug */,
				28C584F319DEFF6F00CBEFF4 /* Release */,
			);
			defaultConfigurationIsVisible = 0;
		};
		28C584F419DEFF6F00CBEFF4 /* Build configuration list for PBXNativeTarget "PostcardTests" */ = {
			isa = XCConfigurationList;
			buildConfigurations = (
				28C584F519DEFF6F00CBEFF4 /* Debug */,
				28C584F619DEFF6F00CBEFF4 /* Release */,
			);
			defaultConfigurationIsVisible = 0;
		};
/* End XCConfigurationList section */
	};
	rootObject = 28C584CA19DEFF6E00CBEFF4 /* Project object */;
}
